
Microsoft Visual Studio Solution File, Format Version 12.00
# Visual Studio Version 17
VisualStudioVersion = 17.0.32126.317
MinimumVisualStudioVersion = 10.0.40219.1
Project("{FAE04EC0-301F-11D3-BF4B-00C04F79EFBC}") = "HowManyStickers", "HowManyStickers\HowManyStickers.csproj", "{5116B18C-32F0-4096-A2FA-90E4E3712B10}"
EndProject
Global
	GlobalSection(SolutionConfigurationPlatforms) = preSolution
		Debug|Any CPU = Debug|Any CPU
		Release|Any CPU = Release|Any CPU
	EndGlobalSection
	GlobalSection(ProjectConfigurationPlatforms) = postSolution
		{5116B18C-32F0-4096-A2FA-90E4E3712B10}.Debug|Any CPU.ActiveCfg = Debug|Any CPU
		{5116B18C-32F0-4096-A2FA-90E4E3712B10}.Debug|Any CPU.Build.0 = Debug|Any CPU
		{5116B18C-32F0-4096-A2FA-90E4E3712B10}.Release|Any CPU.ActiveCfg = Release|Any CPU
		{5116B18C-32F0-4096-A2FA-90E4E3712B10}.Release|Any CPU.Build.0 = Release|Any CPU
	EndGlobalSection
	GlobalSection(SolutionProperties) = preSolution
		HideSolutionNode = FALSE
	EndGlobalSection
	GlobalSection(ExtensibilityGlobals) = postSolution
		SolutionGuid = {4E32B097-65B4-478D-8DF4-65908AA0E8D8}
	EndGlobalSection
EndGlobal
